
Microsoft Visual Studio Solution File, Format Version 12.00
# Visual Studio Version 17
VisualStudioVersion = 17.14.36811.4 d17.14
MinimumVisualStudioVersion = 10.0.40219.1
Project("{FAE04EC0-301F-11D3-BF4B-00C04F79EFBC}") = "BelleTable", "BelleTable.csproj", "{B4A42AB0-8254-4DA9-8BE3-A0AE294466C1}"
EndProject
Global
	GlobalSection(SolutionConfigurationPlatforms) = preSolution
		Debug|Any CPU = Debug|Any CPU
		Release|Any CPU = Release|Any CPU
	EndGlobalSection
	GlobalSection(ProjectConfigurationPlatforms) = postSolution
		{B4A42AB0-8254-4DA9-8BE3-A0AE294466C1}.Debug|Any CPU.ActiveCfg = Debug|Any CPU
		{B4A42AB0-8254-4DA9-8BE3-A0AE294466C1}.Debug|Any CPU.Build.0 = Debug|Any CPU
		{B4A42AB0-8254-4DA9-8BE3-A0AE294466C1}.Release|Any CPU.ActiveCfg = Release|Any CPU
		{B4A42AB0-8254-4DA9-8BE3-A0AE294466C1}.Release|Any CPU.Build.0 = Release|Any CPU
	EndGlobalSection
	GlobalSection(SolutionProperties) = preSolution
		HideSolutionNode = FALSE
	EndGlobalSection
	GlobalSection(ExtensibilityGlobals) = postSolution
		SolutionGuid = {A87C1FDB-57C8-41BD-B5AC-7974DF5AEEF6}
	EndGlobalSection
EndGlobal
